
Microsoft Visual Studio Solution File, Format Version 12.00
# Visual Studio Version 17
VisualStudioVersion = 17.6.33723.286
MinimumVisualStudioVersion = 10.0.40219.1
Project("{9A19103F-16F7-4668-BE54-9A1E7A4F7556}") = "coolify-test", "coolify-test.csproj", "{B4136890-4411-4895-9D08-9AE16CC57ABA}"
EndProject
Project("{E53339B2-1760-4266-BCC7-CA923CBCF16C}") = "docker-compose", "docker-compose.dcproj", "{3F2D6716-48EA-4762-A8FA-6F77D8A5397A}"
EndProject
Global
	GlobalSection(SolutionConfigurationPlatforms) = preSolution
		Debug|Any CPU = Debug|Any CPU
		Release|Any CPU = Release|Any CPU
	EndGlobalSection
	GlobalSection(ProjectConfigurationPlatforms) = postSolution
		{B4136890-4411-4895-9D08-9AE16CC57ABA}.Debug|Any CPU.ActiveCfg = Debug|Any CPU
		{B4136890-4411-4895-9D08-9AE16CC57ABA}.Debug|Any CPU.Build.0 = Debug|Any CPU
		{B4136890-4411-4895-9D08-9AE16CC57ABA}.Release|Any CPU.ActiveCfg = Release|Any CPU
		{B4136890-4411-4895-9D08-9AE16CC57ABA}.Release|Any CPU.Build.0 = Release|Any CPU
		{3F2D6716-48EA-4762-A8FA-6F77D8A5397A}.Debug|Any CPU.ActiveCfg = Debug|Any CPU
		{3F2D6716-48EA-4762-A8FA-6F77D8A5397A}.Debug|Any CPU.Build.0 = Debug|Any CPU
		{3F2D6716-48EA-4762-A8FA-6F77D8A5397A}.Release|Any CPU.ActiveCfg = Release|Any CPU
		{3F2D6716-48EA-4762-A8FA-6F77D8A5397A}.Release|Any CPU.Build.0 = Release|Any CPU
	EndGlobalSection
	GlobalSection(SolutionProperties) = preSolution
		HideSolutionNode = FALSE
	EndGlobalSection
	GlobalSection(ExtensibilityGlobals) = postSolution
		SolutionGuid = {640D08CA-9709-4100-A23A-7B7E4DA6E19E}
	EndGlobalSection
EndGlobal
